// !$*UTF8*$!
{
	archiveVersion = 1;
	classes = {
	};
	objectVersion = 50;
	objects = {

/* Begin PBXBuildFile section */
		5F45AB6A20DB9B2E0033BDD9 /* AppDelegate.m in Sources */ = {isa = PBXBuildFile; fileRef = 5F45AB6920DB9B2E0033BDD9 /* AppDelegate.m */; };
		5F45AB6D20DB9B2E0033BDD9 /* ViewController.m in Sources */ = {isa = PBXBuildFile; fileRef = 5F45AB6C20DB9B2E0033BDD9 /* ViewController.m */; };
		5F45AB7020DB9B2E0033BDD9 /* Main.storyboard in Resources */ = {isa = PBXBuildFile; fileRef = 5F45AB6E20DB9B2E0033BDD9 /* Main.storyboard */; };
		5F45AB7220DB9B310033BDD9 /* Assets.xcassets in Resources */ = {isa = PBXBuildFile; fileRef = 5F45AB7120DB9B310033BDD9 /* Assets.xcassets */; };
		5F45AB7520DB9B310033BDD9 /* LaunchScreen.storyboard in Resources */ = {isa = PBXBuildFile; fileRef = 5F45AB7320DB9B310033BDD9 /* LaunchScreen.storyboard */; };
		5F45AB7820DB9B310033BDD9 /* main.m in Sources */ = {isa = PBXBuildFile; fileRef = 5F45AB7720DB9B310033BDD9 /* main.m */; };
		A1C9941C90EEF028123176C2 /* libPods-PictureControl.a in Frameworks */ = {isa = PBXBuildFile; fileRef = 82FD02E45C26C88637D2A814 /* libPods-PictureControl.a */; };
/* End PBXBuildFile section */

/* Begin PBXFileReference section */
		5F45AB6520DB9B2E0033BDD9 /* PictureControl.app */ = {isa = PBXFileReference; explicitFileType = wrapper.application; includeInIndex = 0; path = PictureControl.app; sourceTree = BUILT_PRODUCTS_DIR; };
		5F45AB6820DB9B2E0033BDD9 /* AppDelegate.h */ = {isa = PBXFileReference; lastKnownFileType = sourcecode.c.h; path = AppDelegate.h; sourceTree = "<group>"; };
		5F45AB6920DB9B2E0033BDD9 /* AppDelegate.m */ = {isa = PBXFileReference; lastKnownFileType = sourcecode.c.objc; path = AppDelegate.m; sourceTree = "<group>"; };
		5F45AB6B20DB9B2E0033BDD9 /* ViewController.h */ = {isa = PBXFileReference; lastKnownFileType = sourcecode.c.h; path = ViewController.h; sourceTree = "<group>"; };
		5F45AB6C20DB9B2E0033BDD9 /* ViewController.m */ = {isa = PBXFileReference; lastKnownFileType = sourcecode.c.objc; path = ViewController.m; sourceTree = "<group>"; };
		5F45AB6F20DB9B2E0033BDD9 /* Base */ = {isa = PBXFileReference; lastKnownFileType = file.storyboard; name = Base; path = Base.lproj/Main.storyboard; sourceTree = "<group>"; };
		5F45AB7120DB9B310033BDD9 /* Assets.xcassets */ = {isa = PBXFileReference; lastKnownFileType = folder.assetcatalog; path = Assets.xcassets; sourceTree = "<group>"; };
		5F45AB7420DB9B310033BDD9 /* Base */ = {isa = PBXFileReference; lastKnownFileType = file.storyboard; name = Base; path = Base.lproj/LaunchScreen.storyboard; sourceTree = "<group>"; };
		5F45AB7620DB9B310033BDD9 /* Info.plist */ = {isa = PBXFileReference; lastKnownFileType = text.plist.xml; path = Info.plist; sourceTree = "<group>"; };
		5F45AB7720DB9B310033BDD9 /* main.m */ = {isa = PBXFileReference; lastKnownFileType = sourcecode.c.objc; path = main.m; sourceTree = "<group>"; };
		82FD02E45C26C88637D2A814 /* libPods-PictureControl.a */ = {isa = PBXFileReference; explicitFileType = archive.ar; includeInIndex = 0; path = "libPods-PictureControl.a"; sourceTree = BUILT_PRODUCTS_DIR; };
		C1347FC2BE2121ECE7D90B4A /* Pods-PictureControl.debug.xcconfig */ = {isa = PBXFileReference; includeInIndex = 1; lastKnownFileType = text.xcconfig; name = "Pods-PictureControl.debug.xcconfig"; path = "Pods/Target Support Files/Pods-PictureControl/Pods-PictureControl.debug.xcconfig"; sourceTree = "<group>"; };
		F3CAAEDD4DC06DA6F737AA8E /* Pods-PictureControl.release.xcconfig */ = {isa = PBXFileReference; includeInIndex = 1; lastKnownFileType = text.xcconfig; name = "Pods-PictureControl.release.xcconfig"; path = "Pods/Target Support Files/Pods-PictureControl/Pods-PictureControl.release.xcconfig"; sourceTree = "<group>"; };
/* End PBXFileReference section */

/* Begin PBXFrameworksBuildPhase section */
		5F45AB6220DB9B2E0033BDD9 /* Frameworks */ = {
			isa = PBXFrameworksBuildPhase;
			buildActionMask = 2147483647;
			files = (
				A1C9941C90EEF028123176C2 /* libPods-PictureControl.a in Frameworks */,
			);
			runOnlyForDeploymentPostprocessing = 0;
		};
/* End PBXFrameworksBuildPhase section */

/* Begin PBXGroup section */
		4AB8B8329EF10722B38E4E9D /* Frameworks */ = {
			isa = PBXGroup;
			children = (
				82FD02E45C26C88637D2A814 /* libPods-PictureControl.a */,
			);
			name = Frameworks;
			sourceTree = "<group>";
		};
		5F45AB5C20DB9B2E0033BDD9 = {
			isa = PBXGroup;
			children = (
				5F45AB6720DB9B2E0033BDD9 /* PictureControl */,
				5F45AB6620DB9B2E0033BDD9 /* Products */,
				B11B935C5D2F6C0EF7F697CA /* Pods */,
				4AB8B8329EF10722B38E4E9D /* Frameworks */,
			);
			sourceTree = "<group>";
		};
		5F45AB6620DB9B2E0033BDD9 /* Products */ = {
			isa = PBXGroup;
			children = (
				5F45AB6520DB9B2E0033BDD9 /* PictureControl.app */,
			);
			name = Products;
			sourceTree = "<group>";
		};
		5F45AB6720DB9B2E0033BDD9 /* PictureControl */ = {
			isa = PBXGroup;
			children = (
				5F45AB6820DB9B2E0033BDD9 /* AppDelegate.h */,
				5F45AB6920DB9B2E0033BDD9 /* AppDelegate.m */,
				5F45AB6B20DB9B2E0033BDD9 /* ViewController.h */,
				5F45AB6C20DB9B2E0033BDD9 /* ViewController.m */,
				5F45AB6E20DB9B2E0033BDD9 /* Main.storyboard */,
				5F45AB7120DB9B310033BDD9 /* Assets.xcassets */,
				5F45AB7320DB9B310033BDD9 /* LaunchScreen.storyboard */,
				5F45AB7620DB9B310033BDD9 /* Info.plist */,
				5F45AB7720DB9B310033BDD9 /* main.m */,
			);
			path = PictureControl;
			sourceTree = "<group>";
		};
		B11B935C5D2F6C0EF7F697CA /* Pods */ = {
			isa = PBXGroup;
			children = (
				C1347FC2BE2121ECE7D90B4A /* Pods-PictureControl.debug.xcconfig */,
				F3CAAEDD4DC06DA6F737AA8E /* Pods-PictureControl.release.xcconfig */,
			);
			name = Pods;
			sourceTree = "<group>";
		};
/* End PBXGroup section */

/* Begin PBXNativeTarget section */
		5F45AB6420DB9B2E0033BDD9 /* PictureControl */ = {
			isa = PBXNativeTarget;
			buildConfigurationList = 5F45AB7B20DB9B310033BDD9 /* Build configuration list for PBXNativeTarget "PictureControl" */;
			buildPhases = (
				0A3CFDE2E08EFC6423FCFFD3 /* [CP] Check Pods Manifest.lock */,
				5F45AB6120DB9B2E0033BDD9 /* Sources */,
				5F45AB6220DB9B2E0033BDD9 /* Frameworks */,
				5F45AB6320DB9B2E0033BDD9 /* Resources */,
				2FF5E59A29E2395F61AE5CC2 /* [CP] Copy Pods Resources */,
			);
			buildRules = (
			);
			dependencies = (
			);
			name = PictureControl;
			productName = PictureControl;
			productReference = 5F45AB6520DB9B2E0033BDD9 /* PictureControl.app */;
			productType = "com.apple.product-type.application";
		};
/* End PBXNativeTarget section */

/* Begin PBXProject section */
		5F45AB5D20DB9B2E0033BDD9 /* Project object */ = {
			isa = PBXProject;
			attributes = {
				LastUpgradeCheck = 1000;
				ORGANIZATIONNAME = "Zhang xiaosong";
				TargetAttributes = {
					5F45AB6420DB9B2E0033BDD9 = {
						CreatedOnToolsVersion = 10.0;
					};
				};
			};
			buildConfigurationList = 5F45AB6020DB9B2E0033BDD9 /* Build configuration list for PBXProject "PictureControl" */;
			compatibilityVersion = "Xcode 9.3";
			developmentRegion = en;
			hasScannedForEncodings = 0;
			knownRegions = (
				en,
				Base,
			);
			mainGroup = 5F45AB5C20DB9B2E0033BDD9;
			productRefGroup = 5F45AB6620DB9B2E0033BDD9 /* Products */;
			projectDirPath = "";
			projectRoot = "";
			targets = (
				5F45AB6420DB9B2E0033BDD9 /* PictureControl */,
			);
		};
/* End PBXProject section */

/* Begin PBXResourcesBuildPhase section */
		5F45AB6320DB9B2E0033BDD9 /* Resources */ = {
			isa = PBXResourcesBuildPhase;
			buildActionMask = 2147483647;
			files = (
				5F45AB7520DB9B310033BDD9 /* LaunchScreen.storyboard in Resources */,
				5F45AB7220DB9B310033BDD9 /* Assets.xcassets in Resources */,
				5F45AB7020DB9B2E0033BDD9 /* Main.storyboard in Resources */,
			);
			runOnlyForDeploymentPostprocessing = 0;
		};
/* End PBXResourcesBuildPhase section */

/* Begin PBXShellScriptBuildPhase section */
		0A3CFDE2E08EFC6423FCFFD3 /* [CP] Check Pods Manifest.lock */ = {
			isa = PBXShellScriptBuildPhase;
			buildActionMask = 2147483647;
			files = (
			);
			inputPaths = (
				"${PODS_PODFILE_DIR_PATH}/Podfile.lock",
				"${PODS_ROOT}/Manifest.lock",
			);
			name = "[CP] Check Pods Manifest.lock";
			outputPaths = (
				"$(DERIVED_FILE_DIR)/Pods-PictureControl-checkManifestLockResult.txt",
			);
			runOnlyForDeploymentPostprocessing = 0;
			shellPath = /bin/sh;
			shellScript = "diff \"${PODS_PODFILE_DIR_PATH}/Podfile.lock\" \"${PODS_ROOT}/Manifest.lock\" > /dev/null\nif [ $? != 0 ] ; then\n    # print error to STDERR\n    echo \"error: The sandbox is not in sync with the Podfile.lock. Run 'pod install' or update your CocoaPods installation.\" >&2\n    exit 1\nfi\n# This output is used by Xcode 'outputs' to avoid re-running this script phase.\necho \"SUCCESS\" > \"${SCRIPT_OUTPUT_FILE_0}\"\n";
			showEnvVarsInLog = 0;
		};
		2FF5E59A29E2395F61AE5CC2 /* [CP] Copy Pods Resources */ = {
			isa = PBXShellScriptBuildPhase;
			buildActionMask = 2147483647;
			files = (
			);
			inputPaths = (
				"${SRCROOT}/Pods/Target Support Files/Pods-PictureControl/Pods-PictureControl-resources.sh",
				"${PODS_ROOT}/GPUImage/framework/Resources/lookup.png",
				"${PODS_ROOT}/GPUImage/framework/Resources/lookup_amatorka.png",
				"${PODS_ROOT}/GPUImage/framework/Resources/lookup_miss_etikate.png",
				"${PODS_ROOT}/GPUImage/framework/Resources/lookup_soft_elegance_1.png",
				"${PODS_ROOT}/GPUImage/framework/Resources/lookup_soft_elegance_2.png",
			);
			name = "[CP] Copy Pods Resources";
			outputPaths = (
				"${TARGET_BUILD_DIR}/${UNLOCALIZED_RESOURCES_FOLDER_PATH}/lookup.png",
				"${TARGET_BUILD_DIR}/${UNLOCALIZED_RESOURCES_FOLDER_PATH}/lookup_amatorka.png",
				"${TARGET_BUILD_DIR}/${UNLOCALIZED_RESOURCES_FOLDER_PATH}/lookup_miss_etikate.png",
				"${TARGET_BUILD_DIR}/${UNLOCALIZED_RESOURCES_FOLDER_PATH}/lookup_soft_elegance_1.png",
				"${TARGET_BUILD_DIR}/${UNLOCALIZED_RESOURCES_FOLDER_PATH}/lookup_soft_elegance_2.png",
			);
			runOnlyForDeploymentPostprocessing = 0;
			shellPath = /bin/sh;
			shellScript = "\"${SRCROOT}/Pods/Target Support Files/Pods-PictureControl/Pods-PictureControl-resources.sh\"\n";
			showEnvVarsInLog = 0;
		};
/* End PBXShellScriptBuildPhase section */

/* Begin PBXSourcesBuildPhase section */
		5F45AB6120DB9B2E0033BDD9 /* Sources */ = {
			isa = PBXSourcesBuildPhase;
			buildActionMask = 2147483647;
			files = (
				5F45AB6D20DB9B2E0033BDD9 /* ViewController.m in Sources */,
				5F45AB7820DB9B310033BDD9 /* main.m in Sources */,
				5F45AB6A20DB9B2E0033BDD9 /* AppDelegate.m in Sources */,
			);
			runOnlyForDeploymentPostprocessing = 0;
		};
/* End PBXSourcesBuildPhase section */

/* Begin PBXVariantGroup section */
		5F45AB6E20DB9B2E0033BDD9 /* Main.storyboard */ = {
			isa = PBXVariantGroup;
			children = (
				5F45AB6F20DB9B2E0033BDD9 /* Base */,
			);
			name = Main.storyboard;
			sourceTree = "<group>";
		};
		5F45AB7320DB9B310033BDD9 /* LaunchScreen.storyboard */ = {
			isa = PBXVariantGroup;
			children = (
				5F45AB7420DB9B310033BDD9 /* Base */,
			);
			name = LaunchScreen.storyboard;
			sourceTree = "<group>";
		};
/* End PBXVariantGroup section */

/* Begin XCBuildConfiguration section */
		5F45AB7920DB9B310033BDD9 /* Debug */ = {
			isa = XCBuildConfiguration;
			buildSettings = {
				ALWAYS_SEARCH_USER_PATHS = NO;
				CLANG_ANALYZER_NONNULL = YES;
				CLANG_ANALYZER_NUMBER_OBJECT_CONVERSION = YES_AGGRESSIVE;
				CLANG_CXX_LANGUAGE_STANDARD = "gnu++14";
				CLANG_CXX_LIBRARY = "libc++";
				CLANG_ENABLE_MODULES = YES;
				CLANG_ENABLE_OBJC_ARC = YES;
				CLANG_ENABLE_OBJC_WEAK = YES;
				CLANG_WARN_BLOCK_CAPTURE_AUTORELEASING = YES;
				CLANG_WARN_BOOL_CONVERSION = YES;
				CLANG_WARN_COMMA = YES;
				CLANG_WARN_CONSTANT_CONVERSION = YES;
				CLANG_WARN_DEPRECATED_OBJC_IMPLEMENTATIONS = YES;
				CLANG_WARN_DIRECT_OBJC_ISA_USAGE = YES_ERROR;
				CLANG_WARN_DOCUMENTATION_COMMENTS = YES;
				CLANG_WARN_EMPTY_BODY = YES;
				CLANG_WARN_ENUM_CONVERSION = YES;
				CLANG_WARN_INFINITE_RECURSION = YES;
				CLANG_WARN_INT_CONVERSION = YES;
				CLANG_WARN_NON_LITERAL_NULL_CONVERSION = YES;
				CLANG_WARN_OBJC_IMPLICIT_RETAIN_SELF = YES;
				CLANG_WARN_OBJC_LITERAL_CONVERSION = YES;
				CLANG_WARN_OBJC_ROOT_CLASS = YES_ERROR;
				CLANG_WARN_RANGE_LOOP_ANALYSIS = YES;
				CLANG_WARN_STRICT_PROTOTYPES = YES;
				CLANG_WARN_SUSPICIOUS_MOVE = YES;
				CLANG_WARN_UNGUARDED_AVAILABILITY = YES_AGGRESSIVE;
				CLANG_WARN_UNREACHABLE_CODE = YES;
				CLANG_WARN__DUPLICATE_METHOD_MATCH = YES;
				CODE_SIGN_IDENTITY = "iPhone Developer";
				COPY_PHASE_STRIP = NO;
				DEBUG_INFORMATION_FORMAT = dwarf;
				ENABLE_STRICT_OBJC_MSGSEND = YES;
				ENABLE_TESTABILITY = YES;
				GCC_C_LANGUAGE_STANDARD = gnu11;
				GCC_DYNAMIC_NO_PIC = NO;
				GCC_NO_COMMON_BLOCKS = YES;
				GCC_OPTIMIZATION_LEVEL = 0;
				GCC_PREPROCESSOR_DEFINITIONS = (
					"DEBUG=1",
					"$(inherited)",
				);
				GCC_WARN_64_TO_32_BIT_CONVERSION = YES;
				GCC_WARN_ABOUT_RETURN_TYPE = YES_ERROR;
				GCC_WARN_UNDECLARED_SELECTOR = YES;
				GCC_WARN_UNINITIALIZED_AUTOS = YES_AGGRESSIVE;
				GCC_WARN_UNUSED_FUNCTION = YES;
				GCC_WARN_UNUSED_VARIABLE = YES;
				IPHONEOS_DEPLOYMENT_TARGET = 12.0;
				MTL_ENABLE_DEBUG_INFO = INCLUDE_SOURCE;
				ONLY_ACTIVE_ARCH = YES;
				SDKROOT = iphoneos;
			};
			name = Debug;
		};
		5F45AB7A20DB9B310033BDD9 /* Release */ = {
			isa = XCBuildConfiguration;
			buildSettings = {
				ALWAYS_SEARCH_USER_PATHS = NO;
				CLANG_ANALYZER_NONNULL = YES;
				CLANG_ANALYZER_NUMBER_OBJECT_CONVERSION = YES_AGGRESSIVE;
				CLANG_CXX_LANGUAGE_STANDARD = "gnu++14";
				CLANG_CXX_LIBRARY = "libc++";
				CLANG_ENABLE_MODULES = YES;
				CLANG_ENABLE_OBJC_ARC = YES;
				CLANG_ENABLE_OBJC_WEAK = YES;
				CLANG_WARN_BLOCK_CAPTURE_AUTORELEASING = YES;
				CLANG_WARN_BOOL_CONVERSION = YES;
				CLANG_WARN_COMMA = YES;
				CLANG_WARN_CONSTANT_CONVERSION = YES;
				CLANG_WARN_DEPRECATED_OBJC_IMPLEMENTATIONS = YES;
				CLANG_WARN_DIRECT_OBJC_ISA_USAGE = YES_ERROR;
				CLANG_WARN_DOCUMENTATION_COMMENTS = YES;
				CLANG_WARN_EMPTY_BODY = YES;
				CLANG_WARN_ENUM_CONVERSION = YES;
				CLANG_WARN_INFINITE_RECURSION = YES;
				CLANG_WARN_INT_CONVERSION = YES;
				CLANG_WARN_NON_LITERAL_NULL_CONVERSION = YES;
				CLANG_WARN_OBJC_IMPLICIT_RETAIN_SELF = YES;
				CLANG_WARN_OBJC_LITERAL_CONVERSION = YES;
				CLANG_WARN_OBJC_ROOT_CLASS = YES_ERROR;
				CLANG_WARN_RANGE_LOOP_ANALYSIS = YES;
				CLANG_WARN_STRICT_PROTOTYPES = YES;
				CLANG_WARN_SUSPICIOUS_MOVE = YES;
				CLANG_WARN_UNGUARDED_AVAILABILITY = YES_AGGRESSIVE;
				CLANG_WARN_UNREACHABLE_CODE = YES;
				CLANG_WARN__DUPLICATE_METHOD_MATCH = YES;
				CODE_SIGN_IDENTITY = "iPhone Developer";
				COPY_PHASE_STRIP = NO;
				DEBUG_INFORMATION_FORMAT = "dwarf-with-dsym";
				ENABLE_NS_ASSERTIONS = NO;
				ENABLE_STRICT_OBJC_MSGSEND = YES;
				GCC_C_LANGUAGE_STANDARD = gnu11;
				GCC_NO_COMMON_BLOCKS = YES;
				GCC_WARN_64_TO_32_BIT_CONVERSION = YES;
				GCC_WARN_ABOUT_RETURN_TYPE = YES_ERROR;
				GCC_WARN_UNDECLARED_SELECTOR = YES;
				GCC_WARN_UNINITIALIZED_AUTOS = YES_AGGRESSIVE;
				GCC_WARN_UNUSED_FUNCTION = YES;
				GCC_WARN_UNUSED_VARIABLE = YES;
				IPHONEOS_DEPLOYMENT_TARGET = 12.0;
				MTL_ENABLE_DEBUG_INFO = NO;
				SDKROOT = iphoneos;
				VALIDATE_PRODUCT = YES;
			};
			name = Release;
		};
		5F45AB7C20DB9B310033BDD9 /* Debug */ = {
			isa = XCBuildConfiguration;
			baseConfigurationReference = C1347FC2BE2121ECE7D90B4A /* Pods-PictureControl.debug.xcconfig */;
			buildSettings = {
				ASSETCATALOG_COMPILER_APPICON_NAME = AppIcon;
				CODE_SIGN_STYLE = Automatic;
				DEVELOPMENT_TEAM = JYRL84HER3;
				INFOPLIST_FILE = PictureControl/Info.plist;
				LD_RUNPATH_SEARCH_PATHS = (
					"$(inherited)",
					"@executable_path/Frameworks",
				);
				PRODUCT_BUNDLE_IDENTIFIER = AR.gc.nav.PictureControl;
				PRODUCT_NAME = "$(TARGET_NAME)";
				TARGETED_DEVICE_FAMILY = 1;
			};
			name = Debug;
		};
		5F45AB7D20DB9B310033BDD9 /* Release */ = {
			isa = XCBuildConfiguration;
			baseConfigurationReference = F3CAAEDD4DC06DA6F737AA8E /* Pods-PictureControl.release.xcconfig */;
			buildSettings = {
				ASSETCATALOG_COMPILER_APPICON_NAME = AppIcon;
				CODE_SIGN_STYLE = Automatic;
				DEVELOPMENT_TEAM = JYRL84HER3;
				INFOPLIST_FILE = PictureControl/Info.plist;
				LD_RUNPATH_SEARCH_PATHS = (
					"$(inherited)",
					"@executable_path/Frameworks",
				);
				PRODUCT_BUNDLE_IDENTIFIER = AR.gc.nav.PictureControl;
				PRODUCT_NAME = "$(TARGET_NAME)";
				TARGETED_DEVICE_FAMILY = 1;
			};
			name = Release;
		};
/* End XCBuildConfiguration section */

/* Begin XCConfigurationList section */
		5F45AB6020DB9B2E0033BDD9 /* Build configuration list for PBXProject "PictureControl" */ = {
			isa = XCConfigurationList;
			buildConfigurations = (
				5F45AB7920DB9B310033BDD9 /* Debug */,
				5F45AB7A20DB9B310033BDD9 /* Release */,
			);
			defaultConfigurationIsVisible = 0;
			defaultConfigurationName = Release;
		};
		5F45AB7B20DB9B310033BDD9 /* Build configuration list for PBXNativeTarget "PictureControl" */ = {
			isa = XCConfigurationList;
			buildConfigurations = (
				5F45AB7C20DB9B310033BDD9 /* Debug */,
				5F45AB7D20DB9B310033BDD9 /* Release */,
			);
			defaultConfigurationIsVisible = 0;
			defaultConfigurationName = Release;
		};
/* End XCConfigurationList section */
	};
	rootObject = 5F45AB5D20DB9B2E0033BDD9 /* Project object */;
}
